
Microsoft Visual Studio Solution File, Format Version 12.00
Project("{2150E333-8FDC-42A3-9474-1A3956D46DE8}") = "src", "src", "{00F83C9F-BD30-480A-8C25-E637D5350555}"
EndProject
Project("{2150E333-8FDC-42A3-9474-1A3956D46DE8}") = "Shared", "Shared", "{633EA5FC-AC74-4734-87B9-1C3BCBB03B41}"
EndProject
Project("{FAE04EC0-301F-11D3-BF4B-00C04F79EFBC}") = "TeamPulse.SharedKernel", "src\Shared\TeamPulse.SharedKernel\TeamPulse.SharedKernel.csproj", "{7E0B6FA4-E65D-426F-9D86-2874B251974B}"
EndProject
Project("{2150E333-8FDC-42A3-9474-1A3956D46DE8}") = "Performances", "Performances", "{EDC38FBA-D4A9-4EE3-BF30-99D8B07897C9}"
EndProject
Project("{2150E333-8FDC-42A3-9474-1A3956D46DE8}") = "src", "src", "{FC375DE1-3DF2-4307-9A5B-EB3063FA15A0}"
EndProject
Project("{FAE04EC0-301F-11D3-BF4B-00C04F79EFBC}") = "TeamPulse.Performances.Domain", "src\Performances\src\TeamPulse.Performances.Domain\TeamPulse.Performances.Domain.csproj", "{DFB6021E-1C21-4816-8A1F-217270998E54}"
EndProject
Project("{2150E333-8FDC-42A3-9474-1A3956D46DE8}") = "Teams", "Teams", "{55C2AF3F-2E57-4CE8-9F29-E4A24F5615F0}"
EndProject
Project("{2150E333-8FDC-42A3-9474-1A3956D46DE8}") = "src", "src", "{E9F66789-51F0-4160-A672-917E97623820}"
EndProject
Project("{FAE04EC0-301F-11D3-BF4B-00C04F79EFBC}") = "TeamPulse.Teams.Domain", "src\Teams\src\TeamPulse.Teams.Domain\TeamPulse.Teams.Domain.csproj", "{F740293F-668B-46F5-8F7C-E4955F191A72}"
EndProject
Project("{FAE04EC0-301F-11D3-BF4B-00C04F79EFBC}") = "TeamPulse.Web", "src\TeamPulse.Web\TeamPulse.Web.csproj", "{B3D97D35-8AC5-4216-B3AD-692E18179B75}"
EndProject
Project("{2150E333-8FDC-42A3-9474-1A3956D46DE8}") = "Solution Items", "Solution Items", "{BE9C9273-8003-4F34-84A0-BE98995753C8}"
	ProjectSection(SolutionItems) = preProject
		compose.yaml = compose.yaml
	EndProjectSection
EndProject
Project("{FAE04EC0-301F-11D3-BF4B-00C04F79EFBC}") = "TeamPulse.Teams.Infrastructure", "src\Teams\src\TeamPulse.Teams.Infrastructure\TeamPulse.Teams.Infrastructure.csproj", "{76AEE285-AD40-4BCF-9CDB-0C9C3AA9A191}"
EndProject
Project("{FAE04EC0-301F-11D3-BF4B-00C04F79EFBC}") = "TeamPulse.Core", "src\Shared\TeamPulse.Core\TeamPulse.Core.csproj", "{2CE185EA-3A09-4283-B1CE-B4193D74D22F}"
EndProject
Project("{FAE04EC0-301F-11D3-BF4B-00C04F79EFBC}") = "TeamPulse.Teams.Application", "src\Teams\src\TeamPulse.Teams.Application\TeamPulse.Teams.Application.csproj", "{A95A6968-559D-4FFE-B338-E74385A0B9ED}"
EndProject
Project("{FAE04EC0-301F-11D3-BF4B-00C04F79EFBC}") = "TeamPulse.Teams.Presentation", "src\Teams\src\TeamPulse.Teams.Presentation\TeamPulse.Teams.Presentation.csproj", "{9F1CFCFF-9285-49F0-8DF8-A2024CEDEB2C}"
EndProject
Project("{FAE04EC0-301F-11D3-BF4B-00C04F79EFBC}") = "TeamPulse.Framework", "src\Shared\TeamPulse.Framework\TeamPulse.Framework.csproj", "{C4258062-6234-4270-BBC3-55388EBD642A}"
EndProject
Project("{FAE04EC0-301F-11D3-BF4B-00C04F79EFBC}") = "TeamPulse.Teams.Contract", "src\Teams\src\TeamPulse.Teams.Contract\TeamPulse.Teams.Contract.csproj", "{ED8F538F-579E-4F19-86E4-FBF6CCCBAB80}"
EndProject
Project("{2150E333-8FDC-42A3-9474-1A3956D46DE8}") = "tests", "tests", "{A08C98E5-4475-4F5A-9456-2C17179D505B}"
EndProject
Project("{FAE04EC0-301F-11D3-BF4B-00C04F79EFBC}") = "TeamPulse.Teams.UnitTests", "src\Teams\tests\TeamPulse.Teams.UnitTests\TeamPulse.Teams.UnitTests.csproj", "{9360F79F-0DA6-4EDD-9442-2EBE5EEFC3FB}"
EndProject
Project("{FAE04EC0-301F-11D3-BF4B-00C04F79EFBC}") = "TeamPulse.Teams.IntegrationTests", "src\Teams\tests\TeamPulse.Teams.IntegrationTests\TeamPulse.Teams.IntegrationTests.csproj", "{20BB15FE-4751-42F9-8745-131D2FF14590}"
EndProject
Project("{FAE04EC0-301F-11D3-BF4B-00C04F79EFBC}") = "TeamPulse.Performances.Application", "src\Performances\src\TeamPulse.Performances.Application\TeamPulse.Performances.Application.csproj", "{E467B3B8-C922-4165-AC0A-0CA59619011C}"
EndProject
Project("{FAE04EC0-301F-11D3-BF4B-00C04F79EFBC}") = "TeamPulse.Performances.Infrastructure", "src\Performances\src\TeamPulse.Performances.Infrastructure\TeamPulse.Performances.Infrastructure.csproj", "{3D77309F-81AD-46FF-963D-2A41D1DC0922}"
EndProject
Project("{FAE04EC0-301F-11D3-BF4B-00C04F79EFBC}") = "TeamPulse.Performances.Presentation", "src\Performances\src\TeamPulse.Performances.Presentation\TeamPulse.Performances.Presentation.csproj", "{A29DBAB7-2D12-43DC-A051-4217ED492290}"
EndProject
Project("{FAE04EC0-301F-11D3-BF4B-00C04F79EFBC}") = "TeamPulse.Performances.Contract", "src\Performances\src\TeamPulse.Performances.Contract\TeamPulse.Performances.Contract.csproj", "{50ED6F23-A3B1-4DC1-8652-298F191A8336}"
EndProject
Global
	GlobalSection(SolutionConfigurationPlatforms) = preSolution
		Debug|Any CPU = Debug|Any CPU
		Release|Any CPU = Release|Any CPU
	EndGlobalSection
	GlobalSection(ProjectConfigurationPlatforms) = postSolution
		{7E0B6FA4-E65D-426F-9D86-2874B251974B}.Debug|Any CPU.ActiveCfg = Debug|Any CPU
		{7E0B6FA4-E65D-426F-9D86-2874B251974B}.Debug|Any CPU.Build.0 = Debug|Any CPU
		{7E0B6FA4-E65D-426F-9D86-2874B251974B}.Release|Any CPU.ActiveCfg = Release|Any CPU
		{7E0B6FA4-E65D-426F-9D86-2874B251974B}.Release|Any CPU.Build.0 = Release|Any CPU
		{DFB6021E-1C21-4816-8A1F-217270998E54}.Debug|Any CPU.ActiveCfg = Debug|Any CPU
		{DFB6021E-1C21-4816-8A1F-217270998E54}.Debug|Any CPU.Build.0 = Debug|Any CPU
		{DFB6021E-1C21-4816-8A1F-217270998E54}.Release|Any CPU.ActiveCfg = Release|Any CPU
		{DFB6021E-1C21-4816-8A1F-217270998E54}.Release|Any CPU.Build.0 = Release|Any CPU
		{F740293F-668B-46F5-8F7C-E4955F191A72}.Debug|Any CPU.ActiveCfg = Debug|Any CPU
		{F740293F-668B-46F5-8F7C-E4955F191A72}.Debug|Any CPU.Build.0 = Debug|Any CPU
		{F740293F-668B-46F5-8F7C-E4955F191A72}.Release|Any CPU.ActiveCfg = Release|Any CPU
		{F740293F-668B-46F5-8F7C-E4955F191A72}.Release|Any CPU.Build.0 = Release|Any CPU
		{F740293F-668B-46F5-8F7C-E4955F191A72}.Debug|Any CPU.ActiveCfg = Debug|Any CPU
		{F740293F-668B-46F5-8F7C-E4955F191A72}.Debug|Any CPU.Build.0 = Debug|Any CPU
		{F740293F-668B-46F5-8F7C-E4955F191A72}.Release|Any CPU.ActiveCfg = Release|Any CPU
		{F740293F-668B-46F5-8F7C-E4955F191A72}.Release|Any CPU.Build.0 = Release|Any CPU
		{B3D97D35-8AC5-4216-B3AD-692E18179B75}.Debug|Any CPU.ActiveCfg = Debug|Any CPU
		{B3D97D35-8AC5-4216-B3AD-692E18179B75}.Debug|Any CPU.Build.0 = Debug|Any CPU
		{B3D97D35-8AC5-4216-B3AD-692E18179B75}.Release|Any CPU.ActiveCfg = Release|Any CPU
		{B3D97D35-8AC5-4216-B3AD-692E18179B75}.Release|Any CPU.Build.0 = Release|Any CPU
		{76AEE285-AD40-4BCF-9CDB-0C9C3AA9A191}.Debug|Any CPU.ActiveCfg = Debug|Any CPU
		{76AEE285-AD40-4BCF-9CDB-0C9C3AA9A191}.Debug|Any CPU.Build.0 = Debug|Any CPU
		{76AEE285-AD40-4BCF-9CDB-0C9C3AA9A191}.Release|Any CPU.ActiveCfg = Release|Any CPU
		{76AEE285-AD40-4BCF-9CDB-0C9C3AA9A191}.Release|Any CPU.Build.0 = Release|Any CPU
		{2CE185EA-3A09-4283-B1CE-B4193D74D22F}.Debug|Any CPU.ActiveCfg = Debug|Any CPU
		{2CE185EA-3A09-4283-B1CE-B4193D74D22F}.Debug|Any CPU.Build.0 = Debug|Any CPU
		{2CE185EA-3A09-4283-B1CE-B4193D74D22F}.Release|Any CPU.ActiveCfg = Release|Any CPU
		{2CE185EA-3A09-4283-B1CE-B4193D74D22F}.Release|Any CPU.Build.0 = Release|Any CPU
		{A95A6968-559D-4FFE-B338-E74385A0B9ED}.Debug|Any CPU.ActiveCfg = Debug|Any CPU
		{A95A6968-559D-4FFE-B338-E74385A0B9ED}.Debug|Any CPU.Build.0 = Debug|Any CPU
		{A95A6968-559D-4FFE-B338-E74385A0B9ED}.Release|Any CPU.ActiveCfg = Release|Any CPU
		{A95A6968-559D-4FFE-B338-E74385A0B9ED}.Release|Any CPU.Build.0 = Release|Any CPU
		{9F1CFCFF-9285-49F0-8DF8-A2024CEDEB2C}.Debug|Any CPU.ActiveCfg = Debug|Any CPU
		{9F1CFCFF-9285-49F0-8DF8-A2024CEDEB2C}.Debug|Any CPU.Build.0 = Debug|Any CPU
		{9F1CFCFF-9285-49F0-8DF8-A2024CEDEB2C}.Release|Any CPU.ActiveCfg = Release|Any CPU
		{9F1CFCFF-9285-49F0-8DF8-A2024CEDEB2C}.Release|Any CPU.Build.0 = Release|Any CPU
		{C4258062-6234-4270-BBC3-55388EBD642A}.Debug|Any CPU.ActiveCfg = Debug|Any CPU
		{C4258062-6234-4270-BBC3-55388EBD642A}.Debug|Any CPU.Build.0 = Debug|Any CPU
		{C4258062-6234-4270-BBC3-55388EBD642A}.Release|Any CPU.ActiveCfg = Release|Any CPU
		{C4258062-6234-4270-BBC3-55388EBD642A}.Release|Any CPU.Build.0 = Release|Any CPU
		{ED8F538F-579E-4F19-86E4-FBF6CCCBAB80}.Debug|Any CPU.ActiveCfg = Debug|Any CPU
		{ED8F538F-579E-4F19-86E4-FBF6CCCBAB80}.Debug|Any CPU.Build.0 = Debug|Any CPU
		{ED8F538F-579E-4F19-86E4-FBF6CCCBAB80}.Release|Any CPU.ActiveCfg = Release|Any CPU
		{ED8F538F-579E-4F19-86E4-FBF6CCCBAB80}.Release|Any CPU.Build.0 = Release|Any CPU
		{9360F79F-0DA6-4EDD-9442-2EBE5EEFC3FB}.Debug|Any CPU.ActiveCfg = Debug|Any CPU
		{9360F79F-0DA6-4EDD-9442-2EBE5EEFC3FB}.Debug|Any CPU.Build.0 = Debug|Any CPU
		{9360F79F-0DA6-4EDD-9442-2EBE5EEFC3FB}.Release|Any CPU.ActiveCfg = Release|Any CPU
		{9360F79F-0DA6-4EDD-9442-2EBE5EEFC3FB}.Release|Any CPU.Build.0 = Release|Any CPU
		{20BB15FE-4751-42F9-8745-131D2FF14590}.Debug|Any CPU.ActiveCfg = Debug|Any CPU
		{20BB15FE-4751-42F9-8745-131D2FF14590}.Debug|Any CPU.Build.0 = Debug|Any CPU
		{20BB15FE-4751-42F9-8745-131D2FF14590}.Release|Any CPU.ActiveCfg = Release|Any CPU
		{20BB15FE-4751-42F9-8745-131D2FF14590}.Release|Any CPU.Build.0 = Release|Any CPU
		{E467B3B8-C922-4165-AC0A-0CA59619011C}.Debug|Any CPU.ActiveCfg = Debug|Any CPU
		{E467B3B8-C922-4165-AC0A-0CA59619011C}.Debug|Any CPU.Build.0 = Debug|Any CPU
		{E467B3B8-C922-4165-AC0A-0CA59619011C}.Release|Any CPU.ActiveCfg = Release|Any CPU
		{E467B3B8-C922-4165-AC0A-0CA59619011C}.Release|Any CPU.Build.0 = Release|Any CPU
		{3D77309F-81AD-46FF-963D-2A41D1DC0922}.Debug|Any CPU.ActiveCfg = Debug|Any CPU
		{3D77309F-81AD-46FF-963D-2A41D1DC0922}.Debug|Any CPU.Build.0 = Debug|Any CPU
		{3D77309F-81AD-46FF-963D-2A41D1DC0922}.Release|Any CPU.ActiveCfg = Release|Any CPU
		{3D77309F-81AD-46FF-963D-2A41D1DC0922}.Release|Any CPU.Build.0 = Release|Any CPU
		{A29DBAB7-2D12-43DC-A051-4217ED492290}.Debug|Any CPU.ActiveCfg = Debug|Any CPU
		{A29DBAB7-2D12-43DC-A051-4217ED492290}.Debug|Any CPU.Build.0 = Debug|Any CPU
		{A29DBAB7-2D12-43DC-A051-4217ED492290}.Release|Any CPU.ActiveCfg = Release|Any CPU
		{A29DBAB7-2D12-43DC-A051-4217ED492290}.Release|Any CPU.Build.0 = Release|Any CPU
		{50ED6F23-A3B1-4DC1-8652-298F191A8336}.Debug|Any CPU.ActiveCfg = Debug|Any CPU
		{50ED6F23-A3B1-4DC1-8652-298F191A8336}.Debug|Any CPU.Build.0 = Debug|Any CPU
		{50ED6F23-A3B1-4DC1-8652-298F191A8336}.Release|Any CPU.ActiveCfg = Release|Any CPU
		{50ED6F23-A3B1-4DC1-8652-298F191A8336}.Release|Any CPU.Build.0 = Release|Any CPU
	EndGlobalSection
	GlobalSection(NestedProjects) = preSolution
		{633EA5FC-AC74-4734-87B9-1C3BCBB03B41} = {00F83C9F-BD30-480A-8C25-E637D5350555}
		{7E0B6FA4-E65D-426F-9D86-2874B251974B} = {633EA5FC-AC74-4734-87B9-1C3BCBB03B41}
		{55C2AF3F-2E57-4CE8-9F29-E4A24F5615F0} = {00F83C9F-BD30-480A-8C25-E637D5350555}
		{E9F66789-51F0-4160-A672-917E97623820} = {55C2AF3F-2E57-4CE8-9F29-E4A24F5615F0}
		{F740293F-668B-46F5-8F7C-E4955F191A72} = {E9F66789-51F0-4160-A672-917E97623820}
		{EDC38FBA-D4A9-4EE3-BF30-99D8B07897C9} = {00F83C9F-BD30-480A-8C25-E637D5350555}
		{FC375DE1-3DF2-4307-9A5B-EB3063FA15A0} = {EDC38FBA-D4A9-4EE3-BF30-99D8B07897C9}
		{DFB6021E-1C21-4816-8A1F-217270998E54} = {FC375DE1-3DF2-4307-9A5B-EB3063FA15A0}
		{55C2AF3F-2E57-4CE8-9F29-E4A24F5615F0} = {00F83C9F-BD30-480A-8C25-E637D5350555}
		{E9F66789-51F0-4160-A672-917E97623820} = {55C2AF3F-2E57-4CE8-9F29-E4A24F5615F0}
		{F740293F-668B-46F5-8F7C-E4955F191A72} = {E9F66789-51F0-4160-A672-917E97623820}
		{76AEE285-AD40-4BCF-9CDB-0C9C3AA9A191} = {E9F66789-51F0-4160-A672-917E97623820}
		{2CE185EA-3A09-4283-B1CE-B4193D74D22F} = {633EA5FC-AC74-4734-87B9-1C3BCBB03B41}
		{A95A6968-559D-4FFE-B338-E74385A0B9ED} = {E9F66789-51F0-4160-A672-917E97623820}
		{9F1CFCFF-9285-49F0-8DF8-A2024CEDEB2C} = {E9F66789-51F0-4160-A672-917E97623820}
		{C4258062-6234-4270-BBC3-55388EBD642A} = {633EA5FC-AC74-4734-87B9-1C3BCBB03B41}
		{ED8F538F-579E-4F19-86E4-FBF6CCCBAB80} = {E9F66789-51F0-4160-A672-917E97623820}
		{A08C98E5-4475-4F5A-9456-2C17179D505B} = {55C2AF3F-2E57-4CE8-9F29-E4A24F5615F0}
		{9360F79F-0DA6-4EDD-9442-2EBE5EEFC3FB} = {A08C98E5-4475-4F5A-9456-2C17179D505B}
		{20BB15FE-4751-42F9-8745-131D2FF14590} = {A08C98E5-4475-4F5A-9456-2C17179D505B}
		{E467B3B8-C922-4165-AC0A-0CA59619011C} = {FC375DE1-3DF2-4307-9A5B-EB3063FA15A0}
		{3D77309F-81AD-46FF-963D-2A41D1DC0922} = {FC375DE1-3DF2-4307-9A5B-EB3063FA15A0}
		{A29DBAB7-2D12-43DC-A051-4217ED492290} = {FC375DE1-3DF2-4307-9A5B-EB3063FA15A0}
		{50ED6F23-A3B1-4DC1-8652-298F191A8336} = {FC375DE1-3DF2-4307-9A5B-EB3063FA15A0}
	EndGlobalSection
EndGlobal
